
Microsoft Visual Studio Solution File, Format Version 12.00
# Visual Studio Version 17
VisualStudioVersion = 17.12.35707.178
MinimumVisualStudioVersion = 10.0.40219.1
Project("{FAE04EC0-301F-11D3-BF4B-00C04F79EFBC}") = "ConsoleApp2", "ConsoleApp2.csproj", "{241EEA9F-354B-4FC1-90C7-9F53CB7D5496}"
EndProject
Project("{2150E333-8FDC-42A3-9474-1A3956D46DE8}") = "Solution Items", "Solution Items", "{3F349147-C535-41C8-8C52-3331E8D85D1B}"
	ProjectSection(SolutionItems) = preProject
		test.yml = test.yml
	EndProjectSection
EndProject
Global
	GlobalSection(SolutionConfigurationPlatforms) = preSolution
		Debug|Any CPU = Debug|Any CPU
		Release|Any CPU = Release|Any CPU
	EndGlobalSection
	GlobalSection(ProjectConfigurationPlatforms) = postSolution
		{241EEA9F-354B-4FC1-90C7-9F53CB7D5496}.Debug|Any CPU.ActiveCfg = Debug|Any CPU
		{241EEA9F-354B-4FC1-90C7-9F53CB7D5496}.Debug|Any CPU.Build.0 = Debug|Any CPU
		{241EEA9F-354B-4FC1-90C7-9F53CB7D5496}.Release|Any CPU.ActiveCfg = Release|Any CPU
		{241EEA9F-354B-4FC1-90C7-9F53CB7D5496}.Release|Any CPU.Build.0 = Release|Any CPU
	EndGlobalSection
	GlobalSection(SolutionProperties) = preSolution
		HideSolutionNode = FALSE
	EndGlobalSection
EndGlobal
